
Microsoft Visual Studio Solution File, Format Version 12.00
# Visual Studio 14
VisualStudioVersion = 14.0.23107.0
MinimumVisualStudioVersion = 10.0.40219.1
Project("{FAE04EC0-301F-11D3-BF4B-00C04F79EFBC}") = "Trajem", "Trajem\Trajem.csproj", "{B57B2B9B-A731-407D-8520-11865E6564B9}"
EndProject
Project("{2150E333-8FDC-42A3-9474-1A3956D46DE8}") = "PublishScripts", "PublishScripts", "{8D3C5521-C3D4-47D3-B05E-FD9E3A74EA21}"
	ProjectSection(SolutionItems) = preProject
		PublishScripts\AzureVMPublishModule.psm1 = PublishScripts\AzureVMPublishModule.psm1
		PublishScripts\Publish-WebApplicationVM.ps1 = PublishScripts\Publish-WebApplicationVM.ps1
	EndProjectSection
EndProject
Project("{2150E333-8FDC-42A3-9474-1A3956D46DE8}") = "Configurations", "Configurations", "{55352440-61FB-47D3-8B20-F31477376571}"
	ProjectSection(SolutionItems) = preProject
		PublishScripts\Configurations\Trajem-WAWS-dev.json = PublishScripts\Configurations\Trajem-WAWS-dev.json
	EndProjectSection
EndProject
Global
	GlobalSection(SolutionConfigurationPlatforms) = preSolution
		Debug|Any CPU = Debug|Any CPU
		Release|Any CPU = Release|Any CPU
	EndGlobalSection
	GlobalSection(ProjectConfigurationPlatforms) = postSolution
		{B57B2B9B-A731-407D-8520-11865E6564B9}.Debug|Any CPU.ActiveCfg = Debug|Any CPU
		{B57B2B9B-A731-407D-8520-11865E6564B9}.Debug|Any CPU.Build.0 = Debug|Any CPU
		{B57B2B9B-A731-407D-8520-11865E6564B9}.Release|Any CPU.ActiveCfg = Release|Any CPU
		{B57B2B9B-A731-407D-8520-11865E6564B9}.Release|Any CPU.Build.0 = Release|Any CPU
	EndGlobalSection
	GlobalSection(SolutionProperties) = preSolution
		HideSolutionNode = FALSE
	EndGlobalSection
	GlobalSection(NestedProjects) = preSolution
		{55352440-61FB-47D3-8B20-F31477376571} = {8D3C5521-C3D4-47D3-B05E-FD9E3A74EA21}
	EndGlobalSection
EndGlobal
